
Microsoft Visual Studio Solution File, Format Version 12.00
# Visual Studio 15
VisualStudioVersion = 15.0.27703.2026
MinimumVisualStudioVersion = 10.0.40219.1
Project("{9A19103F-16F7-4668-BE54-9A1E7A4F7556}") = "crossql", "src\crossql\crossql.csproj", "{FFF5DF1F-8857-4B3D-ADE5-B72D3A3E9923}"
EndProject
Project("{9A19103F-16F7-4668-BE54-9A1E7A4F7556}") = "crossql.mssqlserver", "src\crossql.mssqlserver\crossql.mssqlserver.csproj", "{8B67CA72-AC66-42F1-B32F-C5AB1DB7A840}"
EndProject
Project("{9A19103F-16F7-4668-BE54-9A1E7A4F7556}") = "crossql.sqlite", "src\crossql.sqlite\crossql.sqlite.csproj", "{099E4343-DF84-4D6F-862D-A28B7A2A7082}"
EndProject
Project("{2150E333-8FDC-42A3-9474-1A3956D46DE8}") = "tests", "tests", "{3FC6BDE5-5841-4061-812B-3BB58E825E85}"
EndProject
Project("{9A19103F-16F7-4668-BE54-9A1E7A4F7556}") = "crossql.tests", "tests\crossql.tests\crossql.tests.csproj", "{267B23F4-E277-4A90-A4DD-2124F3394DB5}"
EndProject
Project("{2150E333-8FDC-42A3-9474-1A3956D46DE8}") = "src", "src", "{474BE14A-235D-48A1-A3AD-FD6FF5D8A4A9}"
EndProject
Project("{2150E333-8FDC-42A3-9474-1A3956D46DE8}") = "files", "files", "{8E37ED08-4499-4D3C-8E2B-D552A66F685F}"
	ProjectSection(SolutionItems) = preProject
		.gitattributes = .gitattributes
		.gitignore = .gitignore
		README.md = README.md
		build.sh = build.sh
	EndProjectSection
EndProject
Global
	GlobalSection(SolutionConfigurationPlatforms) = preSolution
		Debug|Any CPU = Debug|Any CPU
		Release|Any CPU = Release|Any CPU
	EndGlobalSection
	GlobalSection(ProjectConfigurationPlatforms) = postSolution
		{FFF5DF1F-8857-4B3D-ADE5-B72D3A3E9923}.Debug|Any CPU.ActiveCfg = Debug|Any CPU
		{FFF5DF1F-8857-4B3D-ADE5-B72D3A3E9923}.Debug|Any CPU.Build.0 = Debug|Any CPU
		{FFF5DF1F-8857-4B3D-ADE5-B72D3A3E9923}.Release|Any CPU.ActiveCfg = Release|Any CPU
		{FFF5DF1F-8857-4B3D-ADE5-B72D3A3E9923}.Release|Any CPU.Build.0 = Release|Any CPU
		{8B67CA72-AC66-42F1-B32F-C5AB1DB7A840}.Debug|Any CPU.ActiveCfg = Debug|Any CPU
		{8B67CA72-AC66-42F1-B32F-C5AB1DB7A840}.Debug|Any CPU.Build.0 = Debug|Any CPU
		{8B67CA72-AC66-42F1-B32F-C5AB1DB7A840}.Release|Any CPU.ActiveCfg = Release|Any CPU
		{8B67CA72-AC66-42F1-B32F-C5AB1DB7A840}.Release|Any CPU.Build.0 = Release|Any CPU
		{099E4343-DF84-4D6F-862D-A28B7A2A7082}.Debug|Any CPU.ActiveCfg = Debug|Any CPU
		{099E4343-DF84-4D6F-862D-A28B7A2A7082}.Debug|Any CPU.Build.0 = Debug|Any CPU
		{099E4343-DF84-4D6F-862D-A28B7A2A7082}.Release|Any CPU.ActiveCfg = Release|Any CPU
		{099E4343-DF84-4D6F-862D-A28B7A2A7082}.Release|Any CPU.Build.0 = Release|Any CPU
		{267B23F4-E277-4A90-A4DD-2124F3394DB5}.Debug|Any CPU.ActiveCfg = Debug|Any CPU
		{267B23F4-E277-4A90-A4DD-2124F3394DB5}.Debug|Any CPU.Build.0 = Debug|Any CPU
		{267B23F4-E277-4A90-A4DD-2124F3394DB5}.Release|Any CPU.ActiveCfg = Release|Any CPU
		{267B23F4-E277-4A90-A4DD-2124F3394DB5}.Release|Any CPU.Build.0 = Release|Any CPU
	EndGlobalSection
	GlobalSection(SolutionProperties) = preSolution
		HideSolutionNode = FALSE
	EndGlobalSection
	GlobalSection(NestedProjects) = preSolution
		{FFF5DF1F-8857-4B3D-ADE5-B72D3A3E9923} = {474BE14A-235D-48A1-A3AD-FD6FF5D8A4A9}
		{8B67CA72-AC66-42F1-B32F-C5AB1DB7A840} = {474BE14A-235D-48A1-A3AD-FD6FF5D8A4A9}
		{099E4343-DF84-4D6F-862D-A28B7A2A7082} = {474BE14A-235D-48A1-A3AD-FD6FF5D8A4A9}
		{267B23F4-E277-4A90-A4DD-2124F3394DB5} = {3FC6BDE5-5841-4061-812B-3BB58E825E85}
	EndGlobalSection
	GlobalSection(ExtensibilityGlobals) = postSolution
		SolutionGuid = {C1110309-72C9-4E34-A297-3F655DF9B12C}
	EndGlobalSection
EndGlobal
